
Microsoft Visual Studio Solution File, Format Version 12.00
# Visual Studio Version 17
VisualStudioVersion = 17.5.33103.201
MinimumVisualStudioVersion = 10.0.40219.1
Project("{9A19103F-16F7-4668-BE54-9A1E7A4F7556}") = "AoC2022", "AoC2022.csproj", "{214B0B97-31DD-4268-B278-04BA24BFF5C0}"
EndProject
Global
	GlobalSection(SolutionConfigurationPlatforms) = preSolution
		Debug|Any CPU = Debug|Any CPU
		Debug|x64 = Debug|x64
		Release|Any CPU = Release|Any CPU
		Release|x64 = Release|x64
	EndGlobalSection
	GlobalSection(ProjectConfigurationPlatforms) = postSolution
		{214B0B97-31DD-4268-B278-04BA24BFF5C0}.Debug|Any CPU.ActiveCfg = Debug|Any CPU
		{214B0B97-31DD-4268-B278-04BA24BFF5C0}.Debug|Any CPU.Build.0 = Debug|Any CPU
		{214B0B97-31DD-4268-B278-04BA24BFF5C0}.Debug|x64.ActiveCfg = Debug|x64
		{214B0B97-31DD-4268-B278-04BA24BFF5C0}.Debug|x64.Build.0 = Debug|x64
		{214B0B97-31DD-4268-B278-04BA24BFF5C0}.Release|Any CPU.ActiveCfg = Release|Any CPU
		{214B0B97-31DD-4268-B278-04BA24BFF5C0}.Release|Any CPU.Build.0 = Release|Any CPU
		{214B0B97-31DD-4268-B278-04BA24BFF5C0}.Release|x64.ActiveCfg = Release|x64
		{214B0B97-31DD-4268-B278-04BA24BFF5C0}.Release|x64.Build.0 = Release|x64
	EndGlobalSection
	GlobalSection(SolutionProperties) = preSolution
		HideSolutionNode = FALSE
	EndGlobalSection
	GlobalSection(ExtensibilityGlobals) = postSolution
		SolutionGuid = {917828A8-C5B2-4696-8A7D-27C79577E117}
	EndGlobalSection
EndGlobal
